
Microsoft Visual Studio Solution File, Format Version 12.00
# Visual Studio Version 16
VisualStudioVersion = 16.0.35026.282
MinimumVisualStudioVersion = 10.0.40219.1
Project("{FAE04EC0-301F-11D3-BF4B-00C04F79EFBC}") = "Proyecto_Investigacion", "Proyecto_Investigacion\Proyecto_Investigacion.csproj", "{DBEE0A4E-95AE-401A-AFEA-FDD488E0AF3B}"
EndProject
Global
	GlobalSection(SolutionConfigurationPlatforms) = preSolution
		Debug|Any CPU = Debug|Any CPU
		Release|Any CPU = Release|Any CPU
	EndGlobalSection
	GlobalSection(ProjectConfigurationPlatforms) = postSolution
		{DBEE0A4E-95AE-401A-AFEA-FDD488E0AF3B}.Debug|Any CPU.ActiveCfg = Debug|Any CPU
		{DBEE0A4E-95AE-401A-AFEA-FDD488E0AF3B}.Debug|Any CPU.Build.0 = Debug|Any CPU
		{DBEE0A4E-95AE-401A-AFEA-FDD488E0AF3B}.Release|Any CPU.ActiveCfg = Release|Any CPU
		{DBEE0A4E-95AE-401A-AFEA-FDD488E0AF3B}.Release|Any CPU.Build.0 = Release|Any CPU
	EndGlobalSection
	GlobalSection(SolutionProperties) = preSolution
		HideSolutionNode = FALSE
	EndGlobalSection
	GlobalSection(ExtensibilityGlobals) = postSolution
		SolutionGuid = {AF78329F-0CB4-44ED-A169-BC4BEFB3624C}
	EndGlobalSection
EndGlobal
